
Microsoft Visual Studio Solution File, Format Version 12.00
# Visual Studio Version 17
VisualStudioVersion = 17.5.33502.453
MinimumVisualStudioVersion = 10.0.40219.1
Project("{FAE04EC0-301F-11D3-BF4B-00C04F79EFBC}") = "Модуль 3.2", "Модуль 3.2.csproj", "{5ADD6CB6-3805-4EEF-BD0D-55275AB011A6}"
EndProject
Global
	GlobalSection(SolutionConfigurationPlatforms) = preSolution
		Debug|Any CPU = Debug|Any CPU
		Release|Any CPU = Release|Any CPU
	EndGlobalSection
	GlobalSection(ProjectConfigurationPlatforms) = postSolution
		{5ADD6CB6-3805-4EEF-BD0D-55275AB011A6}.Debug|Any CPU.ActiveCfg = Debug|Any CPU
		{5ADD6CB6-3805-4EEF-BD0D-55275AB011A6}.Debug|Any CPU.Build.0 = Debug|Any CPU
		{5ADD6CB6-3805-4EEF-BD0D-55275AB011A6}.Release|Any CPU.ActiveCfg = Release|Any CPU
		{5ADD6CB6-3805-4EEF-BD0D-55275AB011A6}.Release|Any CPU.Build.0 = Release|Any CPU
	EndGlobalSection
	GlobalSection(SolutionProperties) = preSolution
		HideSolutionNode = FALSE
	EndGlobalSection
	GlobalSection(ExtensibilityGlobals) = postSolution
		SolutionGuid = {5FC12D04-9455-4876-9186-CCA27C1E9D58}
	EndGlobalSection
EndGlobal
